
Microsoft Visual Studio Solution File, Format Version 12.00
# Visual Studio Version 17
VisualStudioVersion = 17.0.31903.59
MinimumVisualStudioVersion = 10.0.40219.1
Project("{2150E333-8FDC-42A3-9474-1A3956D46DE8}") = "ApiGatways", "ApiGatways", "{2C207A89-E252-4E6E-81AB-25F902143CCE}"
EndProject
Project("{2150E333-8FDC-42A3-9474-1A3956D46DE8}") = "Old", "Old", "{3AF4D433-15B7-429B-8863-C4B1C6D82BE0}"
EndProject
Project("{9A19103F-16F7-4668-BE54-9A1E7A4F7556}") = "stock-masterfy-api", "Old\stock-masterfy-api\stock-masterfy-api.csproj", "{E57B24D5-9C75-44D1-9FC7-664186C57B3C}"
EndProject
Project("{FAE04EC0-301F-11D3-BF4B-00C04F79EFBC}") = "OcelotApiGateway", "ApiGateways\OcelotApiGateway\OcelotApiGateway.csproj", "{0B78AF63-ABE4-4A0C-A02A-0D62BC8C0E8D}"
EndProject
Project("{2150E333-8FDC-42A3-9474-1A3956D46DE8}") = "Services", "Services", "{F71C843C-1CE5-4880-9D2B-1937F16BFCBB}"
EndProject
Project("{2150E333-8FDC-42A3-9474-1A3956D46DE8}") = "Product", "Product", "{120F9C41-F642-4D6B-9DA5-030687D8FF8A}"
EndProject
Project("{2150E333-8FDC-42A3-9474-1A3956D46DE8}") = "Order", "Order", "{EA081951-43FA-4171-A3C6-25BC8EF0A3F3}"
EndProject
Project("{2150E333-8FDC-42A3-9474-1A3956D46DE8}") = "Supply", "Supply", "{E03DB026-202C-407B-A08C-030E57785EC2}"
EndProject
Project("{2150E333-8FDC-42A3-9474-1A3956D46DE8}") = "User", "User", "{AC52D033-3726-408B-827F-D27C4EEA0C27}"
EndProject
Project("{2150E333-8FDC-42A3-9474-1A3956D46DE8}") = "WebApps", "WebApps", "{F0D624F5-0B66-47B0-A842-8A1828068577}"
EndProject
Project("{2150E333-8FDC-42A3-9474-1A3956D46DE8}") = "Messaging", "Messaging", "{AB68FB5F-7133-4ED2-AAB1-DFC787A61626}"
EndProject
Project("{9A19103F-16F7-4668-BE54-9A1E7A4F7556}") = "MessageBroker", "Messaging\MessageBroker\MessageBroker.csproj", "{58E5C104-A61D-408E-BB8B-7EE64614DC08}"
EndProject
Project("{9A19103F-16F7-4668-BE54-9A1E7A4F7556}") = "Order.Domain", "Services\Order\Order.Domain\Order.Domain.csproj", "{B1B982AB-FE17-4797-A210-76DF126E99F7}"
EndProject
Project("{9A19103F-16F7-4668-BE54-9A1E7A4F7556}") = "Suppy.Domain", "Services\Supply\Suppy.Domain\Suppy.Domain.csproj", "{3ACF4CD6-8530-4923-87BA-D6FEBAD786EF}"
EndProject
Project("{9A19103F-16F7-4668-BE54-9A1E7A4F7556}") = "User.Domain", "Services\User\User.Domain\User.Domain.csproj", "{5D12577E-4A18-4293-A44D-8A88E60BEE2F}"
EndProject
Project("{9A19103F-16F7-4668-BE54-9A1E7A4F7556}") = "Product.API", "Services\Product\Product.API\Product.API.csproj", "{9417F586-8ED5-4A73-AB56-B2DF3529FA6B}"
EndProject
Project("{9A19103F-16F7-4668-BE54-9A1E7A4F7556}") = "Product.Application", "Services\Product\Product.Application\Product.Application.csproj", "{EE5CC88F-CEF9-46BE-8301-1475CCF44CDC}"
EndProject
Project("{9A19103F-16F7-4668-BE54-9A1E7A4F7556}") = "Product.Domain", "Services\Product\Product.Domain\Product.Domain.csproj", "{E10C3AA8-B432-47F8-9BAD-9ADC0423A56D}"
EndProject
Project("{9A19103F-16F7-4668-BE54-9A1E7A4F7556}") = "Product.Infra", "Services\Product\Product.Infra\Product.Infra.csproj", "{8D38628C-A0FC-456B-8A60-CB97A2007068}"
EndProject
Project("{9A19103F-16F7-4668-BE54-9A1E7A4F7556}") = "StockMasterfy.Web", "WebApps\StockMasterfy.Web\StockMasterfy.Web.csproj", "{64F90923-453D-4AC2-B9C6-220193093BE1}"
EndProject
Global
	GlobalSection(SolutionConfigurationPlatforms) = preSolution
		Debug|Any CPU = Debug|Any CPU
		Release|Any CPU = Release|Any CPU
	EndGlobalSection
	GlobalSection(ProjectConfigurationPlatforms) = postSolution
		{E57B24D5-9C75-44D1-9FC7-664186C57B3C}.Debug|Any CPU.ActiveCfg = Debug|Any CPU
		{E57B24D5-9C75-44D1-9FC7-664186C57B3C}.Debug|Any CPU.Build.0 = Debug|Any CPU
		{E57B24D5-9C75-44D1-9FC7-664186C57B3C}.Release|Any CPU.ActiveCfg = Release|Any CPU
		{E57B24D5-9C75-44D1-9FC7-664186C57B3C}.Release|Any CPU.Build.0 = Release|Any CPU
		{0B78AF63-ABE4-4A0C-A02A-0D62BC8C0E8D}.Debug|Any CPU.ActiveCfg = Debug|Any CPU
		{0B78AF63-ABE4-4A0C-A02A-0D62BC8C0E8D}.Debug|Any CPU.Build.0 = Debug|Any CPU
		{0B78AF63-ABE4-4A0C-A02A-0D62BC8C0E8D}.Release|Any CPU.ActiveCfg = Release|Any CPU
		{0B78AF63-ABE4-4A0C-A02A-0D62BC8C0E8D}.Release|Any CPU.Build.0 = Release|Any CPU
		{58E5C104-A61D-408E-BB8B-7EE64614DC08}.Debug|Any CPU.ActiveCfg = Debug|Any CPU
		{58E5C104-A61D-408E-BB8B-7EE64614DC08}.Debug|Any CPU.Build.0 = Debug|Any CPU
		{58E5C104-A61D-408E-BB8B-7EE64614DC08}.Release|Any CPU.ActiveCfg = Release|Any CPU
		{58E5C104-A61D-408E-BB8B-7EE64614DC08}.Release|Any CPU.Build.0 = Release|Any CPU
		{B1B982AB-FE17-4797-A210-76DF126E99F7}.Debug|Any CPU.ActiveCfg = Debug|Any CPU
		{B1B982AB-FE17-4797-A210-76DF126E99F7}.Debug|Any CPU.Build.0 = Debug|Any CPU
		{B1B982AB-FE17-4797-A210-76DF126E99F7}.Release|Any CPU.ActiveCfg = Release|Any CPU
		{B1B982AB-FE17-4797-A210-76DF126E99F7}.Release|Any CPU.Build.0 = Release|Any CPU
		{3ACF4CD6-8530-4923-87BA-D6FEBAD786EF}.Debug|Any CPU.ActiveCfg = Debug|Any CPU
		{3ACF4CD6-8530-4923-87BA-D6FEBAD786EF}.Debug|Any CPU.Build.0 = Debug|Any CPU
		{3ACF4CD6-8530-4923-87BA-D6FEBAD786EF}.Release|Any CPU.ActiveCfg = Release|Any CPU
		{3ACF4CD6-8530-4923-87BA-D6FEBAD786EF}.Release|Any CPU.Build.0 = Release|Any CPU
		{5D12577E-4A18-4293-A44D-8A88E60BEE2F}.Debug|Any CPU.ActiveCfg = Debug|Any CPU
		{5D12577E-4A18-4293-A44D-8A88E60BEE2F}.Debug|Any CPU.Build.0 = Debug|Any CPU
		{5D12577E-4A18-4293-A44D-8A88E60BEE2F}.Release|Any CPU.ActiveCfg = Release|Any CPU
		{5D12577E-4A18-4293-A44D-8A88E60BEE2F}.Release|Any CPU.Build.0 = Release|Any CPU
		{9417F586-8ED5-4A73-AB56-B2DF3529FA6B}.Debug|Any CPU.ActiveCfg = Debug|Any CPU
		{9417F586-8ED5-4A73-AB56-B2DF3529FA6B}.Debug|Any CPU.Build.0 = Debug|Any CPU
		{9417F586-8ED5-4A73-AB56-B2DF3529FA6B}.Release|Any CPU.ActiveCfg = Release|Any CPU
		{9417F586-8ED5-4A73-AB56-B2DF3529FA6B}.Release|Any CPU.Build.0 = Release|Any CPU
		{EE5CC88F-CEF9-46BE-8301-1475CCF44CDC}.Debug|Any CPU.ActiveCfg = Debug|Any CPU
		{EE5CC88F-CEF9-46BE-8301-1475CCF44CDC}.Debug|Any CPU.Build.0 = Debug|Any CPU
		{EE5CC88F-CEF9-46BE-8301-1475CCF44CDC}.Release|Any CPU.ActiveCfg = Release|Any CPU
		{EE5CC88F-CEF9-46BE-8301-1475CCF44CDC}.Release|Any CPU.Build.0 = Release|Any CPU
		{E10C3AA8-B432-47F8-9BAD-9ADC0423A56D}.Debug|Any CPU.ActiveCfg = Debug|Any CPU
		{E10C3AA8-B432-47F8-9BAD-9ADC0423A56D}.Debug|Any CPU.Build.0 = Debug|Any CPU
		{E10C3AA8-B432-47F8-9BAD-9ADC0423A56D}.Release|Any CPU.ActiveCfg = Release|Any CPU
		{E10C3AA8-B432-47F8-9BAD-9ADC0423A56D}.Release|Any CPU.Build.0 = Release|Any CPU
		{8D38628C-A0FC-456B-8A60-CB97A2007068}.Debug|Any CPU.ActiveCfg = Debug|Any CPU
		{8D38628C-A0FC-456B-8A60-CB97A2007068}.Debug|Any CPU.Build.0 = Debug|Any CPU
		{8D38628C-A0FC-456B-8A60-CB97A2007068}.Release|Any CPU.ActiveCfg = Release|Any CPU
		{8D38628C-A0FC-456B-8A60-CB97A2007068}.Release|Any CPU.Build.0 = Release|Any CPU
		{64F90923-453D-4AC2-B9C6-220193093BE1}.Debug|Any CPU.ActiveCfg = Debug|Any CPU
		{64F90923-453D-4AC2-B9C6-220193093BE1}.Debug|Any CPU.Build.0 = Debug|Any CPU
		{64F90923-453D-4AC2-B9C6-220193093BE1}.Release|Any CPU.ActiveCfg = Release|Any CPU
		{64F90923-453D-4AC2-B9C6-220193093BE1}.Release|Any CPU.Build.0 = Release|Any CPU
	EndGlobalSection
	GlobalSection(SolutionProperties) = preSolution
		HideSolutionNode = FALSE
	EndGlobalSection
	GlobalSection(NestedProjects) = preSolution
		{E57B24D5-9C75-44D1-9FC7-664186C57B3C} = {3AF4D433-15B7-429B-8863-C4B1C6D82BE0}
		{0B78AF63-ABE4-4A0C-A02A-0D62BC8C0E8D} = {2C207A89-E252-4E6E-81AB-25F902143CCE}
		{120F9C41-F642-4D6B-9DA5-030687D8FF8A} = {F71C843C-1CE5-4880-9D2B-1937F16BFCBB}
		{EA081951-43FA-4171-A3C6-25BC8EF0A3F3} = {F71C843C-1CE5-4880-9D2B-1937F16BFCBB}
		{E03DB026-202C-407B-A08C-030E57785EC2} = {F71C843C-1CE5-4880-9D2B-1937F16BFCBB}
		{AC52D033-3726-408B-827F-D27C4EEA0C27} = {F71C843C-1CE5-4880-9D2B-1937F16BFCBB}
		{58E5C104-A61D-408E-BB8B-7EE64614DC08} = {AB68FB5F-7133-4ED2-AAB1-DFC787A61626}
		{B1B982AB-FE17-4797-A210-76DF126E99F7} = {EA081951-43FA-4171-A3C6-25BC8EF0A3F3}
		{3ACF4CD6-8530-4923-87BA-D6FEBAD786EF} = {E03DB026-202C-407B-A08C-030E57785EC2}
		{5D12577E-4A18-4293-A44D-8A88E60BEE2F} = {AC52D033-3726-408B-827F-D27C4EEA0C27}
		{9417F586-8ED5-4A73-AB56-B2DF3529FA6B} = {120F9C41-F642-4D6B-9DA5-030687D8FF8A}
		{EE5CC88F-CEF9-46BE-8301-1475CCF44CDC} = {120F9C41-F642-4D6B-9DA5-030687D8FF8A}
		{E10C3AA8-B432-47F8-9BAD-9ADC0423A56D} = {120F9C41-F642-4D6B-9DA5-030687D8FF8A}
		{8D38628C-A0FC-456B-8A60-CB97A2007068} = {120F9C41-F642-4D6B-9DA5-030687D8FF8A}
		{64F90923-453D-4AC2-B9C6-220193093BE1} = {F0D624F5-0B66-47B0-A842-8A1828068577}
	EndGlobalSection
	GlobalSection(ExtensibilityGlobals) = postSolution
		SolutionGuid = {A604A495-1408-4055-A595-DDFFD3349AEE}
	EndGlobalSection
EndGlobal
